%{
  "circuits_i2c": {:hex, :circuits_i2c, "1.1.0", "a6ac3a9ae4f7f7f92a5242652008e1646da22adef0587d230a621501f935ba46", [:make, :mix], [{:elixir_make, "~> 0.6", [hex: :elixir_make, repo: "hexpm", optional: false]}], "hexpm", "39fee480cebc6fbd90abb4b82c15cf4a95e45ea741369886bd903ce9ab6eb60c"},
  "elixir_ale": {:hex, :elixir_ale, "1.2.1", "07ac2f17a0191b8bd3b0df6b526c7f699a3a4d690c9def573fcb5824eef24d98", [:make, :mix], [{:elixir_make, "~> 0.4", [hex: :elixir_make, repo: "hexpm", optional: false]}], "hexpm", "bfb099137500a3b8c4a1750cf07f2d704897ef9feac3412064bf9edc7d74193c"},
  "elixir_make": {:hex, :elixir_make, "0.7.3", "c37fdae1b52d2cc51069713a58c2314877c1ad40800a57efb213f77b078a460d", [:mix], [{:castore, "~> 0.1", [hex: :castore, repo: "hexpm", optional: true]}], "hexpm", "24ada3e3996adbed1fa024ca14995ef2ba3d0d17b678b0f3f2b1f66e6ce2b274"},
  "ina219": {:hex, :ina219, "2.0.0", "96e568ac16421082c067fda390a49b3b66139b00d40a290e8e80fdcb045334d8", [:mix], [{:circuits_i2c, "~> 1.0", [hex: :circuits_i2c, repo: "hexpm", optional: true]}, {:elixir_ale, "~> 1.2", [hex: :elixir_ale, repo: "hexpm", optional: true]}, {:wafer, "~> 0.3", [hex: :wafer, repo: "hexpm", optional: false]}], "hexpm", "89c9e7b2a6cafe6043a41bfe8b2cae69a5da12a5068b8783de9aa57c6fa5d984"},
  "wafer": {:hex, :wafer, "0.3.1", "4c77aadcb5bb5729a86fe9c3cfcb652531a6203c977f59ca1650c0aa2fd165ca", [:mix], [{:circuits_gpio, "~> 1.0", [hex: :circuits_gpio, repo: "hexpm", optional: true]}, {:circuits_i2c, "~> 1.0", [hex: :circuits_i2c, repo: "hexpm", optional: true]}, {:circuits_spi, "~> 1.0", [hex: :circuits_spi, repo: "hexpm", optional: true]}, {:elixir_ale, "~> 1.2", [hex: :elixir_ale, repo: "hexpm", optional: true]}], "hexpm", "a724bab0f421043f646d2da1ad206776e7d13b8bd8ae06f614245a6755cd1823"},
}
